
Microsoft Visual Studio Solution File, Format Version 12.00
# Visual Studio 15
Project("{FAE04EC0-301F-11D3-BF4B-00C04F79EFBC}") = "XCharts.Runtime", "XCharts.Runtime.csproj", "{0F21E8EB-353B-2DFA-B280-FADA56EDC8F7}"
EndProject
Project("{FAE04EC0-301F-11D3-BF4B-00C04F79EFBC}") = "XCharts.Examples.Runtime", "XCharts.Examples.Runtime.csproj", "{941C749A-C738-6FBB-3858-E9901D58D3E1}"
EndProject
Project("{FAE04EC0-301F-11D3-BF4B-00C04F79EFBC}") = "NavMeshComponents", "NavMeshComponents.csproj", "{8AFB991B-4A2A-7B38-E812-6612D722293C}"
EndProject
Project("{FAE04EC0-301F-11D3-BF4B-00C04F79EFBC}") = "Assembly-CSharp", "Assembly-CSharp.csproj", "{B2B58FB2-4462-6B0C-A872-40DD957E5FE0}"
EndProject
Project("{FAE04EC0-301F-11D3-BF4B-00C04F79EFBC}") = "XCharts.Editor", "XCharts.Editor.csproj", "{5F014BFA-219B-FE5D-A708-61E1C0698114}"
EndProject
Project("{FAE04EC0-301F-11D3-BF4B-00C04F79EFBC}") = "NavMeshComponentsEditor", "NavMeshComponentsEditor.csproj", "{892F3507-17D6-7612-198C-85CC9543086B}"
EndProject
Global
	GlobalSection(SolutionConfigurationPlatforms) = preSolution
		Debug|Any CPU = Debug|Any CPU
		Release|Any CPU = Release|Any CPU
	EndGlobalSection
	GlobalSection(ProjectConfigurationPlatforms) = postSolution
		{0F21E8EB-353B-2DFA-B280-FADA56EDC8F7}.Debug|Any CPU.ActiveCfg = Debug|Any CPU
		{0F21E8EB-353B-2DFA-B280-FADA56EDC8F7}.Debug|Any CPU.Build.0 = Debug|Any CPU
		{0F21E8EB-353B-2DFA-B280-FADA56EDC8F7}.Release|Any CPU.ActiveCfg = Release|Any CPU
		{0F21E8EB-353B-2DFA-B280-FADA56EDC8F7}.Release|Any CPU.Build.0 = Release|Any CPU
		{941C749A-C738-6FBB-3858-E9901D58D3E1}.Debug|Any CPU.ActiveCfg = Debug|Any CPU
		{941C749A-C738-6FBB-3858-E9901D58D3E1}.Debug|Any CPU.Build.0 = Debug|Any CPU
		{941C749A-C738-6FBB-3858-E9901D58D3E1}.Release|Any CPU.ActiveCfg = Release|Any CPU
		{941C749A-C738-6FBB-3858-E9901D58D3E1}.Release|Any CPU.Build.0 = Release|Any CPU
		{8AFB991B-4A2A-7B38-E812-6612D722293C}.Debug|Any CPU.ActiveCfg = Debug|Any CPU
		{8AFB991B-4A2A-7B38-E812-6612D722293C}.Debug|Any CPU.Build.0 = Debug|Any CPU
		{8AFB991B-4A2A-7B38-E812-6612D722293C}.Release|Any CPU.ActiveCfg = Release|Any CPU
		{8AFB991B-4A2A-7B38-E812-6612D722293C}.Release|Any CPU.Build.0 = Release|Any CPU
		{B2B58FB2-4462-6B0C-A872-40DD957E5FE0}.Debug|Any CPU.ActiveCfg = Debug|Any CPU
		{B2B58FB2-4462-6B0C-A872-40DD957E5FE0}.Debug|Any CPU.Build.0 = Debug|Any CPU
		{B2B58FB2-4462-6B0C-A872-40DD957E5FE0}.Release|Any CPU.ActiveCfg = Release|Any CPU
		{B2B58FB2-4462-6B0C-A872-40DD957E5FE0}.Release|Any CPU.Build.0 = Release|Any CPU
		{5F014BFA-219B-FE5D-A708-61E1C0698114}.Debug|Any CPU.ActiveCfg = Debug|Any CPU
		{5F014BFA-219B-FE5D-A708-61E1C0698114}.Debug|Any CPU.Build.0 = Debug|Any CPU
		{5F014BFA-219B-FE5D-A708-61E1C0698114}.Release|Any CPU.ActiveCfg = Release|Any CPU
		{5F014BFA-219B-FE5D-A708-61E1C0698114}.Release|Any CPU.Build.0 = Release|Any CPU
		{892F3507-17D6-7612-198C-85CC9543086B}.Debug|Any CPU.ActiveCfg = Debug|Any CPU
		{892F3507-17D6-7612-198C-85CC9543086B}.Debug|Any CPU.Build.0 = Debug|Any CPU
		{892F3507-17D6-7612-198C-85CC9543086B}.Release|Any CPU.ActiveCfg = Release|Any CPU
		{892F3507-17D6-7612-198C-85CC9543086B}.Release|Any CPU.Build.0 = Release|Any CPU
	EndGlobalSection
	GlobalSection(SolutionProperties) = preSolution
		HideSolutionNode = FALSE
	EndGlobalSection
EndGlobal
